
Microsoft Visual Studio Solution File, Format Version 12.00
# Visual Studio Version 17
VisualStudioVersion = 17.7.34024.191
MinimumVisualStudioVersion = 10.0.40219.1
Project("{FAE04EC0-301F-11D3-BF4B-00C04F79EFBC}") = "Shell", "Shell\Shell.csproj", "{6DB1A53F-147B-42C5-BC95-A7BF19ACCC50}"
EndProject
Project("{FAE04EC0-301F-11D3-BF4B-00C04F79EFBC}") = "ListDir", "ListDir\ListDir.csproj", "{986A1C71-A38F-444B-A269-3FF451D1472B}"
EndProject
Project("{FAE04EC0-301F-11D3-BF4B-00C04F79EFBC}") = "Clear", "Clear\Clear.csproj", "{963249F5-F67F-4EC7-B08B-7CA1CEB03B3C}"
EndProject
Global
	GlobalSection(SolutionConfigurationPlatforms) = preSolution
		Debug|Any CPU = Debug|Any CPU
		Release|Any CPU = Release|Any CPU
	EndGlobalSection
	GlobalSection(ProjectConfigurationPlatforms) = postSolution
		{6DB1A53F-147B-42C5-BC95-A7BF19ACCC50}.Debug|Any CPU.ActiveCfg = Debug|Any CPU
		{6DB1A53F-147B-42C5-BC95-A7BF19ACCC50}.Debug|Any CPU.Build.0 = Debug|Any CPU
		{6DB1A53F-147B-42C5-BC95-A7BF19ACCC50}.Release|Any CPU.ActiveCfg = Release|Any CPU
		{6DB1A53F-147B-42C5-BC95-A7BF19ACCC50}.Release|Any CPU.Build.0 = Release|Any CPU
		{986A1C71-A38F-444B-A269-3FF451D1472B}.Debug|Any CPU.ActiveCfg = Debug|Any CPU
		{986A1C71-A38F-444B-A269-3FF451D1472B}.Debug|Any CPU.Build.0 = Debug|Any CPU
		{986A1C71-A38F-444B-A269-3FF451D1472B}.Release|Any CPU.ActiveCfg = Release|Any CPU
		{986A1C71-A38F-444B-A269-3FF451D1472B}.Release|Any CPU.Build.0 = Release|Any CPU
		{963249F5-F67F-4EC7-B08B-7CA1CEB03B3C}.Debug|Any CPU.ActiveCfg = Debug|Any CPU
		{963249F5-F67F-4EC7-B08B-7CA1CEB03B3C}.Debug|Any CPU.Build.0 = Debug|Any CPU
		{963249F5-F67F-4EC7-B08B-7CA1CEB03B3C}.Release|Any CPU.ActiveCfg = Release|Any CPU
		{963249F5-F67F-4EC7-B08B-7CA1CEB03B3C}.Release|Any CPU.Build.0 = Release|Any CPU
	EndGlobalSection
	GlobalSection(SolutionProperties) = preSolution
		HideSolutionNode = FALSE
	EndGlobalSection
	GlobalSection(ExtensibilityGlobals) = postSolution
		SolutionGuid = {41328995-167F-41BC-91B2-7242D31272E6}
	EndGlobalSection
EndGlobal
